// !$*UTF8*$!
{
	archiveVersion = 1;
	classes = {
	};
	objectVersion = 46;
	objects = {

/* Begin PBXBuildFile section */
		0EAE0B2C1B9046CF00670A10 /* main.m in Sources */ = {isa = PBXBuildFile; fileRef = 0EAE0B2B1B9046CF00670A10 /* main.m */; };
		0EAE0B2F1B9046CF00670A10 /* AppDelegate.m in Sources */ = {isa = PBXBuildFile; fileRef = 0EAE0B2E1B9046CF00670A10 /* AppDelegate.m */; };
		0EAE0B321B9046CF00670A10 /* ViewController.m in Sources */ = {isa = PBXBuildFile; fileRef = 0EAE0B311B9046CF00670A10 /* ViewController.m */; };
		0EAE0B351B9046CF00670A10 /* Main.storyboard in Resources */ = {isa = PBXBuildFile; fileRef = 0EAE0B331B9046CF00670A10 /* Main.storyboard */; };
		0EAE0B371B9046CF00670A10 /* Images.xcassets in Resources */ = {isa = PBXBuildFile; fileRef = 0EAE0B361B9046CF00670A10 /* Images.xcassets */; };
		0EAE0B3A1B9046CF00670A10 /* LaunchScreen.xib in Resources */ = {isa = PBXBuildFile; fileRef = 0EAE0B381B9046CF00670A10 /* LaunchScreen.xib */; };
		0EAE0B461B9046CF00670A10 /* Bridge_ContolTests.m in Sources */ = {isa = PBXBuildFile; fileRef = 0EAE0B451B9046CF00670A10 /* Bridge_ContolTests.m */; };
		0EAE0B501B9060C800670A10 /* Settings.bundle in Resources */ = {isa = PBXBuildFile; fileRef = 0EAE0B4F1B9060C800670A10 /* Settings.bundle */; };
/* End PBXBuildFile section */

/* Begin PBXContainerItemProxy section */
		0EAE0B401B9046CF00670A10 /* PBXContainerItemProxy */ = {
			isa = PBXContainerItemProxy;
			containerPortal = 0EAE0B1E1B9046CF00670A10 /* Project object */;
			proxyType = 1;
			remoteGlobalIDString = 0EAE0B251B9046CF00670A10;
			remoteInfo = "Bridge Contol";
		};
/* End PBXContainerItemProxy section */

/* Begin PBXFileReference section */
		0EAE0B261B9046CF00670A10 /* Bridge Contol.app */ = {isa = PBXFileReference; explicitFileType = wrapper.application; includeInIndex = 0; path = "Bridge Contol.app"; sourceTree = BUILT_PRODUCTS_DIR; };
		0EAE0B2A1B9046CF00670A10 /* Info.plist */ = {isa = PBXFileReference; lastKnownFileType = text.plist.xml; path = Info.plist; sourceTree = "<group>"; };
		0EAE0B2B1B9046CF00670A10 /* main.m */ = {isa = PBXFileReference; lastKnownFileType = sourcecode.c.objc; path = main.m; sourceTree = "<group>"; };
		0EAE0B2D1B9046CF00670A10 /* AppDelegate.h */ = {isa = PBXFileReference; lastKnownFileType = sourcecode.c.h; path = AppDelegate.h; sourceTree = "<group>"; };
		0EAE0B2E1B9046CF00670A10 /* AppDelegate.m */ = {isa = PBXFileReference; lastKnownFileType = sourcecode.c.objc; path = AppDelegate.m; sourceTree = "<group>"; };
		0EAE0B301B9046CF00670A10 /* ViewController.h */ = {isa = PBXFileReference; lastKnownFileType = sourcecode.c.h; path = ViewController.h; sourceTree = "<group>"; };
		0EAE0B311B9046CF00670A10 /* ViewController.m */ = {isa = PBXFileReference; lastKnownFileType = sourcecode.c.objc; path = ViewController.m; sourceTree = "<group>"; };
		0EAE0B341B9046CF00670A10 /* Base */ = {isa = PBXFileReference; lastKnownFileType = file.storyboard; name = Base; path = Base.lproj/Main.storyboard; sourceTree = "<group>"; };
		0EAE0B361B9046CF00670A10 /* Images.xcassets */ = {isa = PBXFileReference; lastKnownFileType = folder.assetcatalog; path = Images.xcassets; sourceTree = "<group>"; };
		0EAE0B391B9046CF00670A10 /* Base */ = {isa = PBXFileReference; lastKnownFileType = file.xib; name = Base; path = Base.lproj/LaunchScreen.xib; sourceTree = "<group>"; };
		0EAE0B3F1B9046CF00670A10 /* Bridge ContolTests.xctest */ = {isa = PBXFileReference; explicitFileType = wrapper.cfbundle; includeInIndex = 0; path = "Bridge ContolTests.xctest"; sourceTree = BUILT_PRODUCTS_DIR; };
		0EAE0B441B9046CF00670A10 /* Info.plist */ = {isa = PBXFileReference; lastKnownFileType = text.plist.xml; path = Info.plist; sourceTree = "<group>"; };
		0EAE0B451B9046CF00670A10 /* Bridge_ContolTests.m */ = {isa = PBXFileReference; lastKnownFileType = sourcecode.c.objc; path = Bridge_ContolTests.m; sourceTree = "<group>"; };
		0EAE0B4F1B9060C800670A10 /* Settings.bundle */ = {isa = PBXFileReference; lastKnownFileType = "wrapper.plug-in"; path = Settings.bundle; sourceTree = "<group>"; };
/* End PBXFileReference section */

/* Begin PBXFrameworksBuildPhase section */
		0EAE0B231B9046CF00670A10 /* Frameworks */ = {
			isa = PBXFrameworksBuildPhase;
			buildActionMask = 2147483647;
			files = (
			);
			runOnlyForDeploymentPostprocessing = 0;
		};
		0EAE0B3C1B9046CF00670A10 /* Frameworks */ = {
			isa = PBXFrameworksBuildPhase;
			buildActionMask = 2147483647;
			files = (
			);
			runOnlyForDeploymentPostprocessing = 0;
		};
/* End PBXFrameworksBuildPhase section */

/* Begin PBXGroup section */
		0EAE0B1D1B9046CF00670A10 = {
			isa = PBXGroup;
			children = (
				0EAE0B281B9046CF00670A10 /* Bridge Contol */,
				0EAE0B421B9046CF00670A10 /* Bridge ContolTests */,
				0EAE0B271B9046CF00670A10 /* Products */,
			);
			sourceTree = "<group>";
		};
		0EAE0B271B9046CF00670A10 /* Products */ = {
			isa = PBXGroup;
			children = (
				0EAE0B261B9046CF00670A10 /* Bridge Contol.app */,
				0EAE0B3F1B9046CF00670A10 /* Bridge ContolTests.xctest */,
			);
			name = Products;
			sourceTree = "<group>";
		};
		0EAE0B281B9046CF00670A10 /* Bridge Contol */ = {
			isa = PBXGroup;
			children = (
				0EAE0B2D1B9046CF00670A10 /* AppDelegate.h */,
				0EAE0B2E1B9046CF00670A10 /* AppDelegate.m */,
				0EAE0B301B9046CF00670A10 /* ViewController.h */,
				0EAE0B311B9046CF00670A10 /* ViewController.m */,
				0EAE0B331B9046CF00670A10 /* Main.storyboard */,
				0EAE0B361B9046CF00670A10 /* Images.xcassets */,
				0EAE0B381B9046CF00670A10 /* LaunchScreen.xib */,
				0EAE0B291B9046CF00670A10 /* Supporting Files */,
				0EAE0B4F1B9060C800670A10 /* Settings.bundle */,
			);
			path = "Bridge Contol";
			sourceTree = "<group>";
		};
		0EAE0B291B9046CF00670A10 /* Supporting Files */ = {
			isa = PBXGroup;
			children = (
				0EAE0B2A1B9046CF00670A10 /* Info.plist */,
				0EAE0B2B1B9046CF00670A10 /* main.m */,
			);
			name = "Supporting Files";
			sourceTree = "<group>";
		};
		0EAE0B421B9046CF00670A10 /* Bridge ContolTests */ = {
			isa = PBXGroup;
			children = (
				0EAE0B451B9046CF00670A10 /* Bridge_ContolTests.m */,
				0EAE0B431B9046CF00670A10 /* Supporting Files */,
			);
			path = "Bridge ContolTests";
			sourceTree = "<group>";
		};
		0EAE0B431B9046CF00670A10 /* Supporting Files */ = {
			isa = PBXGroup;
			children = (
				0EAE0B441B9046CF00670A10 /* Info.plist */,
			);
			name = "Supporting Files";
			sourceTree = "<group>";
		};
/* End PBXGroup section */

/* Begin PBXNativeTarget section */
		0EAE0B251B9046CF00670A10 /* Bridge Contol */ = {
			isa = PBXNativeTarget;
			buildConfigurationList = 0EAE0B491B9046CF00670A10 /* Build configuration list for PBXNativeTarget "Bridge Contol" */;
			buildPhases = (
				0EAE0B221B9046CF00670A10 /* Sources */,
				0EAE0B231B9046CF00670A10 /* Frameworks */,
				0EAE0B241B9046CF00670A10 /* Resources */,
			);
			buildRules = (
			);
			dependencies = (
			);
			name = "Bridge Contol";
			productName = "Bridge Contol";
			productReference = 0EAE0B261B9046CF00670A10 /* Bridge Contol.app */;
			productType = "com.apple.product-type.application";
		};
		0EAE0B3E1B9046CF00670A10 /* Bridge ContolTests */ = {
			isa = PBXNativeTarget;
			buildConfigurationList = 0EAE0B4C1B9046CF00670A10 /* Build configuration list for PBXNativeTarget "Bridge ContolTests" */;
			buildPhases = (
				0EAE0B3B1B9046CF00670A10 /* Sources */,
				0EAE0B3C1B9046CF00670A10 /* Frameworks */,
				0EAE0B3D1B9046CF00670A10 /* Resources */,
			);
			buildRules = (
			);
			dependencies = (
				0EAE0B411B9046CF00670A10 /* PBXTargetDependency */,
			);
			name = "Bridge ContolTests";
			productName = "Bridge ContolTests";
			productReference = 0EAE0B3F1B9046CF00670A10 /* Bridge ContolTests.xctest */;
			productType = "com.apple.product-type.bundle.unit-test";
		};
/* End PBXNativeTarget section */

/* Begin PBXProject section */
		0EAE0B1E1B9046CF00670A10 /* Project object */ = {
			isa = PBXProject;
			attributes = {
				LastUpgradeCheck = 0640;
				ORGANIZATIONNAME = Leckie;
				TargetAttributes = {
					0EAE0B251B9046CF00670A10 = {
						CreatedOnToolsVersion = 6.4;
					};
					0EAE0B3E1B9046CF00670A10 = {
						CreatedOnToolsVersion = 6.4;
						TestTargetID = 0EAE0B251B9046CF00670A10;
					};
				};
			};
			buildConfigurationList = 0EAE0B211B9046CF00670A10 /* Build configuration list for PBXProject "Bridge Contol" */;
			compatibilityVersion = "Xcode 3.2";
			developmentRegion = English;
			hasScannedForEncodings = 0;
			knownRegions = (
				en,
				Base,
			);
			mainGroup = 0EAE0B1D1B9046CF00670A10;
			productRefGroup = 0EAE0B271B9046CF00670A10 /* Products */;
			projectDirPath = "";
			projectRoot = "";
			targets = (
				0EAE0B251B9046CF00670A10 /* Bridge Contol */,
				0EAE0B3E1B9046CF00670A10 /* Bridge ContolTests */,
			);
		};
/* End PBXProject section */

/* Begin PBXResourcesBuildPhase section */
		0EAE0B241B9046CF00670A10 /* Resources */ = {
			isa = PBXResourcesBuildPhase;
			buildActionMask = 2147483647;
			files = (
				0EAE0B501B9060C800670A10 /* Settings.bundle in Resources */,
				0EAE0B351B9046CF00670A10 /* Main.storyboard in Resources */,
				0EAE0B3A1B9046CF00670A10 /* LaunchScreen.xib in Resources */,
				0EAE0B371B9046CF00670A10 /* Images.xcassets in Resources */,
			);
			runOnlyForDeploymentPostprocessing = 0;
		};
		0EAE0B3D1B9046CF00670A10 /* Resources */ = {
			isa = PBXResourcesBuildPhase;
			buildActionMask = 2147483647;
			files = (
			);
			runOnlyForDeploymentPostprocessing = 0;
		};
/* End PBXResourcesBuildPhase section */

/* Begin PBXSourcesBuildPhase section */
		0EAE0B221B9046CF00670A10 /* Sources */ = {
			isa = PBXSourcesBuildPhase;
			buildActionMask = 2147483647;
			files = (
				0EAE0B321B9046CF00670A10 /* ViewController.m in Sources */,
				0EAE0B2F1B9046CF00670A10 /* AppDelegate.m in Sources */,
				0EAE0B2C1B9046CF00670A10 /* main.m in Sources */,
			);
			runOnlyForDeploymentPostprocessing = 0;
		};
		0EAE0B3B1B9046CF00670A10 /* Sources */ = {
			isa = PBXSourcesBuildPhase;
			buildActionMask = 2147483647;
			files = (
				0EAE0B461B9046CF00670A10 /* Bridge_ContolTests.m in Sources */,
			);
			runOnlyForDeploymentPostprocessing = 0;
		};
/* End PBXSourcesBuildPhase section */

/* Begin PBXTargetDependency section */
		0EAE0B411B9046CF00670A10 /* PBXTargetDependency */ = {
			isa = PBXTargetDependency;
			target = 0EAE0B251B9046CF00670A10 /* Bridge Contol */;
			targetProxy = 0EAE0B401B9046CF00670A10 /* PBXContainerItemProxy */;
		};
/* End PBXTargetDependency section */

/* Begin PBXVariantGroup section */
		0EAE0B331B9046CF00670A10 /* Main.storyboard */ = {
			isa = PBXVariantGroup;
			children = (
				0EAE0B341B9046CF00670A10 /* Base */,
			);
			name = Main.storyboard;
			sourceTree = "<group>";
		};
		0EAE0B381B9046CF00670A10 /* LaunchScreen.xib */ = {
			isa = PBXVariantGroup;
			children = (
				0EAE0B391B9046CF00670A10 /* Base */,
			);
			name = LaunchScreen.xib;
			sourceTree = "<group>";
		};
/* End PBXVariantGroup section */

/* Begin XCBuildConfiguration section */
		0EAE0B471B9046CF00670A10 /* Debug */ = {
			isa = XCBuildConfiguration;
			buildSettings = {
				ALWAYS_SEARCH_USER_PATHS = NO;
				CLANG_CXX_LANGUAGE_STANDARD = "gnu++0x";
				CLANG_CXX_LIBRARY = "libc++";
				CLANG_ENABLE_MODULES = YES;
				CLANG_ENABLE_OBJC_ARC = YES;
				CLANG_WARN_BOOL_CONVERSION = YES;
				CLANG_WARN_CONSTANT_CONVERSION = YES;
				CLANG_WARN_DIRECT_OBJC_ISA_USAGE = YES_ERROR;
				CLANG_WARN_EMPTY_BODY = YES;
				CLANG_WARN_ENUM_CONVERSION = YES;
				CLANG_WARN_INT_CONVERSION = YES;
				CLANG_WARN_OBJC_ROOT_CLASS = YES_ERROR;
				CLANG_WARN_UNREACHABLE_CODE = YES;
				CLANG_WARN__DUPLICATE_METHOD_MATCH = YES;
				"CODE_SIGN_IDENTITY[sdk=iphoneos*]" = "iPhone Developer";
				COPY_PHASE_STRIP = NO;
				DEBUG_INFORMATION_FORMAT = "dwarf-with-dsym";
				ENABLE_STRICT_OBJC_MSGSEND = YES;
				GCC_C_LANGUAGE_STANDARD = gnu99;
				GCC_DYNAMIC_NO_PIC = NO;
				GCC_NO_COMMON_BLOCKS = YES;
				GCC_OPTIMIZATION_LEVEL = 0;
				GCC_PREPROCESSOR_DEFINITIONS = (
					"DEBUG=1",
					"$(inherited)",
				);
				GCC_SYMBOLS_PRIVATE_EXTERN = NO;
				GCC_WARN_64_TO_32_BIT_CONVERSION = YES;
				GCC_WARN_ABOUT_RETURN_TYPE = YES_ERROR;
				GCC_WARN_UNDECLARED_SELECTOR = YES;
				GCC_WARN_UNINITIALIZED_AUTOS = YES_AGGRESSIVE;
				GCC_WARN_UNUSED_FUNCTION = YES;
				GCC_WARN_UNUSED_VARIABLE = YES;
				IPHONEOS_DEPLOYMENT_TARGET = 8.4;
				MTL_ENABLE_DEBUG_INFO = YES;
				ONLY_ACTIVE_ARCH = YES;
				SDKROOT = iphoneos;
			};
			name = Debug;
		};
		0EAE0B481B9046CF00670A10 /* Release */ = {
			isa = XCBuildConfiguration;
			buildSettings = {
				ALWAYS_SEARCH_USER_PATHS = NO;
				CLANG_CXX_LANGUAGE_STANDARD = "gnu++0x";
				CLANG_CXX_LIBRARY = "libc++";
				CLANG_ENABLE_MODULES = YES;
				CLANG_ENABLE_OBJC_ARC = YES;
				CLANG_WARN_BOOL_CONVERSION = YES;
				CLANG_WARN_CONSTANT_CONVERSION = YES;
				CLANG_WARN_DIRECT_OBJC_ISA_USAGE = YES_ERROR;
				CLANG_WARN_EMPTY_BODY = YES;
				CLANG_WARN_ENUM_CONVERSION = YES;
				CLANG_WARN_INT_CONVERSION = YES;
				CLANG_WARN_OBJC_ROOT_CLASS = YES_ERROR;
				CLANG_WARN_UNREACHABLE_CODE = YES;
				CLANG_WARN__DUPLICATE_METHOD_MATCH = YES;
				"CODE_SIGN_IDENTITY[sdk=iphoneos*]" = "iPhone Developer";
				COPY_PHASE_STRIP = NO;
				DEBUG_INFORMATION_FORMAT = "dwarf-with-dsym";
				ENABLE_NS_ASSERTIONS = NO;
				ENABLE_STRICT_OBJC_MSGSEND = YES;
				GCC_C_LANGUAGE_STANDARD = gnu99;
				GCC_NO_COMMON_BLOCKS = YES;
				GCC_WARN_64_TO_32_BIT_CONVERSION = YES;
				GCC_WARN_ABOUT_RETURN_TYPE = YES_ERROR;
				GCC_WARN_UNDECLARED_SELECTOR = YES;
				GCC_WARN_UNINITIALIZED_AUTOS = YES_AGGRESSIVE;
				GCC_WARN_UNUSED_FUNCTION = YES;
				GCC_WARN_UNUSED_VARIABLE = YES;
				IPHONEOS_DEPLOYMENT_TARGET = 8.4;
				MTL_ENABLE_DEBUG_INFO = NO;
				SDKROOT = iphoneos;
				VALIDATE_PRODUCT = YES;
			};
			name = Release;
		};
		0EAE0B4A1B9046CF00670A10 /* Debug */ = {
			isa = XCBuildConfiguration;
			buildSettings = {
				ASSETCATALOG_COMPILER_APPICON_NAME = AppIcon;
				INFOPLIST_FILE = "Bridge Contol/Info.plist";
				LD_RUNPATH_SEARCH_PATHS = "$(inherited) @executable_path/Frameworks";
				PRODUCT_NAME = "$(TARGET_NAME)";
			};
			name = Debug;
		};
		0EAE0B4B1B9046CF00670A10 /* Release */ = {
			isa = XCBuildConfiguration;
			buildSettings = {
				ASSETCATALOG_COMPILER_APPICON_NAME = AppIcon;
				INFOPLIST_FILE = "Bridge Contol/Info.plist";
				LD_RUNPATH_SEARCH_PATHS = "$(inherited) @executable_path/Frameworks";
				PRODUCT_NAME = "$(TARGET_NAME)";
			};
			name = Release;
		};
		0EAE0B4D1B9046CF00670A10 /* Debug */ = {
			isa = XCBuildConfiguration;
			buildSettings = {
				BUNDLE_LOADER = "$(TEST_HOST)";
				FRAMEWORK_SEARCH_PATHS = (
					"$(SDKROOT)/Developer/Library/Frameworks",
					"$(inherited)",
				);
				GCC_PREPROCESSOR_DEFINITIONS = (
					"DEBUG=1",
					"$(inherited)",
				);
				INFOPLIST_FILE = "Bridge ContolTests/Info.plist";
				LD_RUNPATH_SEARCH_PATHS = "$(inherited) @executable_path/Frameworks @loader_path/Frameworks";
				PRODUCT_NAME = "$(TARGET_NAME)";
				TEST_HOST = "$(BUILT_PRODUCTS_DIR)/Bridge Contol.app/Bridge Contol";
			};
			name = Debug;
		};
		0EAE0B4E1B9046CF00670A10 /* Release */ = {
			isa = XCBuildConfiguration;
			buildSettings = {
				BUNDLE_LOADER = "$(TEST_HOST)";
				FRAMEWORK_SEARCH_PATHS = (
					"$(SDKROOT)/Developer/Library/Frameworks",
					"$(inherited)",
				);
				INFOPLIST_FILE = "Bridge ContolTests/Info.plist";
				LD_RUNPATH_SEARCH_PATHS = "$(inherited) @executable_path/Frameworks @loader_path/Frameworks";
				PRODUCT_NAME = "$(TARGET_NAME)";
				TEST_HOST = "$(BUILT_PRODUCTS_DIR)/Bridge Contol.app/Bridge Contol";
			};
			name = Release;
		};
/* End XCBuildConfiguration section */

/* Begin XCConfigurationList section */
		0EAE0B211B9046CF00670A10 /* Build configuration list for PBXProject "Bridge Contol" */ = {
			isa = XCConfigurationList;
			buildConfigurations = (
				0EAE0B471B9046CF00670A10 /* Debug */,
				0EAE0B481B9046CF00670A10 /* Release */,
			);
			defaultConfigurationIsVisible = 0;
			defaultConfigurationName = Release;
		};
		0EAE0B491B9046CF00670A10 /* Build configuration list for PBXNativeTarget "Bridge Contol" */ = {
			isa = XCConfigurationList;
			buildConfigurations = (
				0EAE0B4A1B9046CF00670A10 /* Debug */,
				0EAE0B4B1B9046CF00670A10 /* Release */,
			);
			defaultConfigurationIsVisible = 0;
		};
		0EAE0B4C1B9046CF00670A10 /* Build configuration list for PBXNativeTarget "Bridge ContolTests" */ = {
			isa = XCConfigurationList;
			buildConfigurations = (
				0EAE0B4D1B9046CF00670A10 /* Debug */,
				0EAE0B4E1B9046CF00670A10 /* Release */,
			);
			defaultConfigurationIsVisible = 0;
		};
/* End XCConfigurationList section */
	};
	rootObject = 0EAE0B1E1B9046CF00670A10 /* Project object */;
}
