// !$*UTF8*$!
{
	archiveVersion = 1;
	classes = {
	};
	objectVersion = 46;
	objects = {

/* Begin PBXBuildFile section */
		0E1AABE61C30DF0700FD4AEC /* ADMagicMoveInverseTransition.m in Sources */ = {isa = PBXBuildFile; fileRef = 0E1AABE51C30DF0700FD4AEC /* ADMagicMoveInverseTransition.m */; };
		0E1AABE91C30F5CE00FD4AEC /* ADNavigationBackTransition.m in Sources */ = {isa = PBXBuildFile; fileRef = 0E1AABE81C30F5CE00FD4AEC /* ADNavigationBackTransition.m */; };
		0E1AABEC1C31041400FD4AEC /* ADNavigationBackEdgePanInteractiveTransition.m in Sources */ = {isa = PBXBuildFile; fileRef = 0E1AABEB1C31041400FD4AEC /* ADNavigationBackEdgePanInteractiveTransition.m */; };
		0E1AABEF1C311FB500FD4AEC /* ADPingViewController.m in Sources */ = {isa = PBXBuildFile; fileRef = 0E1AABEE1C311FB500FD4AEC /* ADPingViewController.m */; };
		0E1AABF21C3120BE00FD4AEC /* ADPingDetailViewController.m in Sources */ = {isa = PBXBuildFile; fileRef = 0E1AABF11C3120BE00FD4AEC /* ADPingDetailViewController.m */; };
		0E1AABF51C3121FD00FD4AEC /* ADPingTransition.m in Sources */ = {isa = PBXBuildFile; fileRef = 0E1AABF41C3121FD00FD4AEC /* ADPingTransition.m */; };
		0E2C2B151C2A7BC0009B672E /* ADCoreAnimation2ViewController.m in Sources */ = {isa = PBXBuildFile; fileRef = 0E2C2B141C2A7BC0009B672E /* ADCoreAnimation2ViewController.m */; };
		0E2C2B181C2A866C009B672E /* ADAnimationGroupViewController.m in Sources */ = {isa = PBXBuildFile; fileRef = 0E2C2B171C2A866C009B672E /* ADAnimationGroupViewController.m */; };
		0E2C2B1B1C2A9216009B672E /* ADImageBrowserViewController.m in Sources */ = {isa = PBXBuildFile; fileRef = 0E2C2B1A1C2A9216009B672E /* ADImageBrowserViewController.m */; };
		0E2C2B1E1C2A9C01009B672E /* ADDisplayLinkViewController.m in Sources */ = {isa = PBXBuildFile; fileRef = 0E2C2B1D1C2A9C01009B672E /* ADDisplayLinkViewController.m */; };
		0E3245841C2D3A0E00704A2D /* ADCollectionViewController.m in Sources */ = {isa = PBXBuildFile; fileRef = 0E3245831C2D3A0E00704A2D /* ADCollectionViewController.m */; };
		0E3245871C2D3A1E00704A2D /* ADDetailViewController.m in Sources */ = {isa = PBXBuildFile; fileRef = 0E3245861C2D3A1E00704A2D /* ADDetailViewController.m */; };
		0E32458B1C2D457100704A2D /* ADMagicMoveTransition.m in Sources */ = {isa = PBXBuildFile; fileRef = 0E32458A1C2D457100704A2D /* ADMagicMoveTransition.m */; };
		0E3330CB1BA2AC3D001633B1 /* main.m in Sources */ = {isa = PBXBuildFile; fileRef = 0E3330CA1BA2AC3D001633B1 /* main.m */; };
		0E3330CE1BA2AC3D001633B1 /* ADAppDelegate.m in Sources */ = {isa = PBXBuildFile; fileRef = 0E3330CD1BA2AC3D001633B1 /* ADAppDelegate.m */; };
		0E3330D11BA2AC3D001633B1 /* ADMainViewController.m in Sources */ = {isa = PBXBuildFile; fileRef = 0E3330D01BA2AC3D001633B1 /* ADMainViewController.m */; };
		0E3330D61BA2AC3D001633B1 /* Images.xcassets in Resources */ = {isa = PBXBuildFile; fileRef = 0E3330D51BA2AC3D001633B1 /* Images.xcassets */; };
		0E3330D91BA2AC3D001633B1 /* LaunchScreen.xib in Resources */ = {isa = PBXBuildFile; fileRef = 0E3330D71BA2AC3D001633B1 /* LaunchScreen.xib */; };
		0E3330E51BA2AC3D001633B1 /* AnimationDemoTests.m in Sources */ = {isa = PBXBuildFile; fileRef = 0E3330E41BA2AC3D001633B1 /* AnimationDemoTests.m */; };
		0E3D662C1C294F1900A078F3 /* ADDrawLayerViewController.m in Sources */ = {isa = PBXBuildFile; fileRef = 0E3D662B1C294F1900A078F3 /* ADDrawLayerViewController.m */; };
		0E6C1ADD1C2948F500A6FC85 /* ADAnchorPointViewController.m in Sources */ = {isa = PBXBuildFile; fileRef = 0E6C1ADC1C2948F500A6FC85 /* ADAnchorPointViewController.m */; };
		0EF0F79A1C2B90270024F622 /* ADScrollViewImageBrowserViewController.m in Sources */ = {isa = PBXBuildFile; fileRef = 0EF0F7991C2B90270024F622 /* ADScrollViewImageBrowserViewController.m */; };
		0EF0F79E1C2BC5840024F622 /* ADFirstViewController.m in Sources */ = {isa = PBXBuildFile; fileRef = 0EF0F79D1C2BC5840024F622 /* ADFirstViewController.m */; };
		0EF0F7A11C2BC5B80024F622 /* ADSecondViewController.m in Sources */ = {isa = PBXBuildFile; fileRef = 0EF0F7A01C2BC5B80024F622 /* ADSecondViewController.m */; };
		0EF0F7A41C2BC7580024F622 /* ADParentViewController.m in Sources */ = {isa = PBXBuildFile; fileRef = 0EF0F7A31C2BC7580024F622 /* ADParentViewController.m */; };
		0EF0F7A71C2BCF310024F622 /* ADTransitionMain1ViewController.m in Sources */ = {isa = PBXBuildFile; fileRef = 0EF0F7A61C2BCF310024F622 /* ADTransitionMain1ViewController.m */; };
		0EF0F7AA1C2BCF400024F622 /* ADTransitionModal1ViewController.m in Sources */ = {isa = PBXBuildFile; fileRef = 0EF0F7A91C2BCF400024F622 /* ADTransitionModal1ViewController.m */; };
		0EF0F7AE1C2BD28C0024F622 /* ADBouncePresentAnimation.m in Sources */ = {isa = PBXBuildFile; fileRef = 0EF0F7AD1C2BD28C0024F622 /* ADBouncePresentAnimation.m */; };
		0EF0F7B11C2BDED20024F622 /* ADSwipeInteractiveTransition.m in Sources */ = {isa = PBXBuildFile; fileRef = 0EF0F7B01C2BDED20024F622 /* ADSwipeInteractiveTransition.m */; };
		0EF0F7B41C2BE76E0024F622 /* ADBounceDismissAnimation.m in Sources */ = {isa = PBXBuildFile; fileRef = 0EF0F7B31C2BE76E0024F622 /* ADBounceDismissAnimation.m */; };
		0EFB37401C2A3B630029EDC7 /* ADLayer.m in Sources */ = {isa = PBXBuildFile; fileRef = 0EFB373F1C2A3B630029EDC7 /* ADLayer.m */; };
		0EFB37431C2A3C910029EDC7 /* ADLayerView.m in Sources */ = {isa = PBXBuildFile; fileRef = 0EFB37421C2A3C910029EDC7 /* ADLayerView.m */; };
		0EFB37461C2A3E440029EDC7 /* ADViewLayerViewController.m in Sources */ = {isa = PBXBuildFile; fileRef = 0EFB37451C2A3E440029EDC7 /* ADViewLayerViewController.m */; };
		0EFB37491C2A489E0029EDC7 /* ADCoreAnimation1ViewController.m in Sources */ = {isa = PBXBuildFile; fileRef = 0EFB37481C2A489E0029EDC7 /* ADCoreAnimation1ViewController.m */; };
/* End PBXBuildFile section */

/* Begin PBXContainerItemProxy section */
		0E3330DF1BA2AC3D001633B1 /* PBXContainerItemProxy */ = {
			isa = PBXContainerItemProxy;
			containerPortal = 0E3330BD1BA2AC3D001633B1 /* Project object */;
			proxyType = 1;
			remoteGlobalIDString = 0E3330C41BA2AC3D001633B1;
			remoteInfo = AnimationDemo;
		};
/* End PBXContainerItemProxy section */

/* Begin PBXFileReference section */
		0E1AABE41C30DF0700FD4AEC /* ADMagicMoveInverseTransition.h */ = {isa = PBXFileReference; fileEncoding = 4; lastKnownFileType = sourcecode.c.h; path = ADMagicMoveInverseTransition.h; sourceTree = "<group>"; };
		0E1AABE51C30DF0700FD4AEC /* ADMagicMoveInverseTransition.m */ = {isa = PBXFileReference; fileEncoding = 4; lastKnownFileType = sourcecode.c.objc; path = ADMagicMoveInverseTransition.m; sourceTree = "<group>"; };
		0E1AABE71C30F5CE00FD4AEC /* ADNavigationBackTransition.h */ = {isa = PBXFileReference; fileEncoding = 4; lastKnownFileType = sourcecode.c.h; path = ADNavigationBackTransition.h; sourceTree = "<group>"; };
		0E1AABE81C30F5CE00FD4AEC /* ADNavigationBackTransition.m */ = {isa = PBXFileReference; fileEncoding = 4; lastKnownFileType = sourcecode.c.objc; path = ADNavigationBackTransition.m; sourceTree = "<group>"; };
		0E1AABEA1C31041400FD4AEC /* ADNavigationBackEdgePanInteractiveTransition.h */ = {isa = PBXFileReference; fileEncoding = 4; lastKnownFileType = sourcecode.c.h; path = ADNavigationBackEdgePanInteractiveTransition.h; sourceTree = "<group>"; };
		0E1AABEB1C31041400FD4AEC /* ADNavigationBackEdgePanInteractiveTransition.m */ = {isa = PBXFileReference; fileEncoding = 4; lastKnownFileType = sourcecode.c.objc; path = ADNavigationBackEdgePanInteractiveTransition.m; sourceTree = "<group>"; };
		0E1AABED1C311FB500FD4AEC /* ADPingViewController.h */ = {isa = PBXFileReference; fileEncoding = 4; lastKnownFileType = sourcecode.c.h; path = ADPingViewController.h; sourceTree = "<group>"; };
		0E1AABEE1C311FB500FD4AEC /* ADPingViewController.m */ = {isa = PBXFileReference; fileEncoding = 4; lastKnownFileType = sourcecode.c.objc; path = ADPingViewController.m; sourceTree = "<group>"; };
		0E1AABF01C3120BE00FD4AEC /* ADPingDetailViewController.h */ = {isa = PBXFileReference; fileEncoding = 4; lastKnownFileType = sourcecode.c.h; path = ADPingDetailViewController.h; sourceTree = "<group>"; };
		0E1AABF11C3120BE00FD4AEC /* ADPingDetailViewController.m */ = {isa = PBXFileReference; fileEncoding = 4; lastKnownFileType = sourcecode.c.objc; path = ADPingDetailViewController.m; sourceTree = "<group>"; };
		0E1AABF31C3121FD00FD4AEC /* ADPingTransition.h */ = {isa = PBXFileReference; fileEncoding = 4; lastKnownFileType = sourcecode.c.h; path = ADPingTransition.h; sourceTree = "<group>"; };
		0E1AABF41C3121FD00FD4AEC /* ADPingTransition.m */ = {isa = PBXFileReference; fileEncoding = 4; lastKnownFileType = sourcecode.c.objc; path = ADPingTransition.m; sourceTree = "<group>"; };
		0E2C2B131C2A7BC0009B672E /* ADCoreAnimation2ViewController.h */ = {isa = PBXFileReference; fileEncoding = 4; lastKnownFileType = sourcecode.c.h; path = ADCoreAnimation2ViewController.h; sourceTree = "<group>"; };
		0E2C2B141C2A7BC0009B672E /* ADCoreAnimation2ViewController.m */ = {isa = PBXFileReference; fileEncoding = 4; lastKnownFileType = sourcecode.c.objc; path = ADCoreAnimation2ViewController.m; sourceTree = "<group>"; };
		0E2C2B161C2A866C009B672E /* ADAnimationGroupViewController.h */ = {isa = PBXFileReference; fileEncoding = 4; lastKnownFileType = sourcecode.c.h; path = ADAnimationGroupViewController.h; sourceTree = "<group>"; };
		0E2C2B171C2A866C009B672E /* ADAnimationGroupViewController.m */ = {isa = PBXFileReference; fileEncoding = 4; lastKnownFileType = sourcecode.c.objc; path = ADAnimationGroupViewController.m; sourceTree = "<group>"; };
		0E2C2B191C2A9216009B672E /* ADImageBrowserViewController.h */ = {isa = PBXFileReference; fileEncoding = 4; lastKnownFileType = sourcecode.c.h; path = ADImageBrowserViewController.h; sourceTree = "<group>"; };
		0E2C2B1A1C2A9216009B672E /* ADImageBrowserViewController.m */ = {isa = PBXFileReference; fileEncoding = 4; lastKnownFileType = sourcecode.c.objc; path = ADImageBrowserViewController.m; sourceTree = "<group>"; };
		0E2C2B1C1C2A9C01009B672E /* ADDisplayLinkViewController.h */ = {isa = PBXFileReference; fileEncoding = 4; lastKnownFileType = sourcecode.c.h; path = ADDisplayLinkViewController.h; sourceTree = "<group>"; };
		0E2C2B1D1C2A9C01009B672E /* ADDisplayLinkViewController.m */ = {isa = PBXFileReference; fileEncoding = 4; lastKnownFileType = sourcecode.c.objc; path = ADDisplayLinkViewController.m; sourceTree = "<group>"; };
		0E3245821C2D3A0E00704A2D /* ADCollectionViewController.h */ = {isa = PBXFileReference; fileEncoding = 4; lastKnownFileType = sourcecode.c.h; path = ADCollectionViewController.h; sourceTree = "<group>"; };
		0E3245831C2D3A0E00704A2D /* ADCollectionViewController.m */ = {isa = PBXFileReference; fileEncoding = 4; lastKnownFileType = sourcecode.c.objc; path = ADCollectionViewController.m; sourceTree = "<group>"; };
		0E3245851C2D3A1E00704A2D /* ADDetailViewController.h */ = {isa = PBXFileReference; fileEncoding = 4; lastKnownFileType = sourcecode.c.h; path = ADDetailViewController.h; sourceTree = "<group>"; };
		0E3245861C2D3A1E00704A2D /* ADDetailViewController.m */ = {isa = PBXFileReference; fileEncoding = 4; lastKnownFileType = sourcecode.c.objc; path = ADDetailViewController.m; sourceTree = "<group>"; };
		0E3245891C2D457100704A2D /* ADMagicMoveTransition.h */ = {isa = PBXFileReference; fileEncoding = 4; lastKnownFileType = sourcecode.c.h; path = ADMagicMoveTransition.h; sourceTree = "<group>"; };
		0E32458A1C2D457100704A2D /* ADMagicMoveTransition.m */ = {isa = PBXFileReference; fileEncoding = 4; lastKnownFileType = sourcecode.c.objc; path = ADMagicMoveTransition.m; sourceTree = "<group>"; };
		0E3330C51BA2AC3D001633B1 /* AnimationDemo.app */ = {isa = PBXFileReference; explicitFileType = wrapper.application; includeInIndex = 0; path = AnimationDemo.app; sourceTree = BUILT_PRODUCTS_DIR; };
		0E3330C91BA2AC3D001633B1 /* Info.plist */ = {isa = PBXFileReference; lastKnownFileType = text.plist.xml; path = Info.plist; sourceTree = "<group>"; };
		0E3330CA1BA2AC3D001633B1 /* main.m */ = {isa = PBXFileReference; lastKnownFileType = sourcecode.c.objc; path = main.m; sourceTree = "<group>"; };
		0E3330CC1BA2AC3D001633B1 /* ADAppDelegate.h */ = {isa = PBXFileReference; lastKnownFileType = sourcecode.c.h; path = ADAppDelegate.h; sourceTree = "<group>"; };
		0E3330CD1BA2AC3D001633B1 /* ADAppDelegate.m */ = {isa = PBXFileReference; lastKnownFileType = sourcecode.c.objc; path = ADAppDelegate.m; sourceTree = "<group>"; };
		0E3330CF1BA2AC3D001633B1 /* ADMainViewController.h */ = {isa = PBXFileReference; lastKnownFileType = sourcecode.c.h; path = ADMainViewController.h; sourceTree = "<group>"; };
		0E3330D01BA2AC3D001633B1 /* ADMainViewController.m */ = {isa = PBXFileReference; lastKnownFileType = sourcecode.c.objc; path = ADMainViewController.m; sourceTree = "<group>"; };
		0E3330D51BA2AC3D001633B1 /* Images.xcassets */ = {isa = PBXFileReference; lastKnownFileType = folder.assetcatalog; path = Images.xcassets; sourceTree = "<group>"; };
		0E3330D81BA2AC3D001633B1 /* Base */ = {isa = PBXFileReference; lastKnownFileType = file.xib; name = Base; path = Base.lproj/LaunchScreen.xib; sourceTree = "<group>"; };
		0E3330DE1BA2AC3D001633B1 /* AnimationDemoTests.xctest */ = {isa = PBXFileReference; explicitFileType = wrapper.cfbundle; includeInIndex = 0; path = AnimationDemoTests.xctest; sourceTree = BUILT_PRODUCTS_DIR; };
		0E3330E31BA2AC3D001633B1 /* Info.plist */ = {isa = PBXFileReference; lastKnownFileType = text.plist.xml; path = Info.plist; sourceTree = "<group>"; };
		0E3330E41BA2AC3D001633B1 /* AnimationDemoTests.m */ = {isa = PBXFileReference; lastKnownFileType = sourcecode.c.objc; path = AnimationDemoTests.m; sourceTree = "<group>"; };
		0E3D662A1C294F1900A078F3 /* ADDrawLayerViewController.h */ = {isa = PBXFileReference; fileEncoding = 4; lastKnownFileType = sourcecode.c.h; path = ADDrawLayerViewController.h; sourceTree = "<group>"; };
		0E3D662B1C294F1900A078F3 /* ADDrawLayerViewController.m */ = {isa = PBXFileReference; fileEncoding = 4; lastKnownFileType = sourcecode.c.objc; path = ADDrawLayerViewController.m; sourceTree = "<group>"; };
		0E6C1ADB1C2948F500A6FC85 /* ADAnchorPointViewController.h */ = {isa = PBXFileReference; fileEncoding = 4; lastKnownFileType = sourcecode.c.h; path = ADAnchorPointViewController.h; sourceTree = "<group>"; };
		0E6C1ADC1C2948F500A6FC85 /* ADAnchorPointViewController.m */ = {isa = PBXFileReference; fileEncoding = 4; lastKnownFileType = sourcecode.c.objc; path = ADAnchorPointViewController.m; sourceTree = "<group>"; };
		0EF0F7981C2B90270024F622 /* ADScrollViewImageBrowserViewController.h */ = {isa = PBXFileReference; fileEncoding = 4; lastKnownFileType = sourcecode.c.h; path = ADScrollViewImageBrowserViewController.h; sourceTree = "<group>"; };
		0EF0F7991C2B90270024F622 /* ADScrollViewImageBrowserViewController.m */ = {isa = PBXFileReference; fileEncoding = 4; lastKnownFileType = sourcecode.c.objc; path = ADScrollViewImageBrowserViewController.m; sourceTree = "<group>"; };
		0EF0F79C1C2BC5840024F622 /* ADFirstViewController.h */ = {isa = PBXFileReference; fileEncoding = 4; lastKnownFileType = sourcecode.c.h; path = ADFirstViewController.h; sourceTree = "<group>"; };
		0EF0F79D1C2BC5840024F622 /* ADFirstViewController.m */ = {isa = PBXFileReference; fileEncoding = 4; lastKnownFileType = sourcecode.c.objc; path = ADFirstViewController.m; sourceTree = "<group>"; };
		0EF0F79F1C2BC5B80024F622 /* ADSecondViewController.h */ = {isa = PBXFileReference; fileEncoding = 4; lastKnownFileType = sourcecode.c.h; path = ADSecondViewController.h; sourceTree = "<group>"; };
		0EF0F7A01C2BC5B80024F622 /* ADSecondViewController.m */ = {isa = PBXFileReference; fileEncoding = 4; lastKnownFileType = sourcecode.c.objc; path = ADSecondViewController.m; sourceTree = "<group>"; };
		0EF0F7A21C2BC7580024F622 /* ADParentViewController.h */ = {isa = PBXFileReference; fileEncoding = 4; lastKnownFileType = sourcecode.c.h; path = ADParentViewController.h; sourceTree = "<group>"; };
		0EF0F7A31C2BC7580024F622 /* ADParentViewController.m */ = {isa = PBXFileReference; fileEncoding = 4; lastKnownFileType = sourcecode.c.objc; path = ADParentViewController.m; sourceTree = "<group>"; };
		0EF0F7A51C2BCF310024F622 /* ADTransitionMain1ViewController.h */ = {isa = PBXFileReference; fileEncoding = 4; lastKnownFileType = sourcecode.c.h; path = ADTransitionMain1ViewController.h; sourceTree = "<group>"; };
		0EF0F7A61C2BCF310024F622 /* ADTransitionMain1ViewController.m */ = {isa = PBXFileReference; fileEncoding = 4; lastKnownFileType = sourcecode.c.objc; path = ADTransitionMain1ViewController.m; sourceTree = "<group>"; };
		0EF0F7A81C2BCF400024F622 /* ADTransitionModal1ViewController.h */ = {isa = PBXFileReference; fileEncoding = 4; lastKnownFileType = sourcecode.c.h; path = ADTransitionModal1ViewController.h; sourceTree = "<group>"; };
		0EF0F7A91C2BCF400024F622 /* ADTransitionModal1ViewController.m */ = {isa = PBXFileReference; fileEncoding = 4; lastKnownFileType = sourcecode.c.objc; path = ADTransitionModal1ViewController.m; sourceTree = "<group>"; };
		0EF0F7AC1C2BD28C0024F622 /* ADBouncePresentAnimation.h */ = {isa = PBXFileReference; fileEncoding = 4; lastKnownFileType = sourcecode.c.h; path = ADBouncePresentAnimation.h; sourceTree = "<group>"; };
		0EF0F7AD1C2BD28C0024F622 /* ADBouncePresentAnimation.m */ = {isa = PBXFileReference; fileEncoding = 4; lastKnownFileType = sourcecode.c.objc; path = ADBouncePresentAnimation.m; sourceTree = "<group>"; };
		0EF0F7AF1C2BDED20024F622 /* ADSwipeInteractiveTransition.h */ = {isa = PBXFileReference; fileEncoding = 4; lastKnownFileType = sourcecode.c.h; path = ADSwipeInteractiveTransition.h; sourceTree = "<group>"; };
		0EF0F7B01C2BDED20024F622 /* ADSwipeInteractiveTransition.m */ = {isa = PBXFileReference; fileEncoding = 4; lastKnownFileType = sourcecode.c.objc; path = ADSwipeInteractiveTransition.m; sourceTree = "<group>"; };
		0EF0F7B21C2BE76E0024F622 /* ADBounceDismissAnimation.h */ = {isa = PBXFileReference; fileEncoding = 4; lastKnownFileType = sourcecode.c.h; path = ADBounceDismissAnimation.h; sourceTree = "<group>"; };
		0EF0F7B31C2BE76E0024F622 /* ADBounceDismissAnimation.m */ = {isa = PBXFileReference; fileEncoding = 4; lastKnownFileType = sourcecode.c.objc; path = ADBounceDismissAnimation.m; sourceTree = "<group>"; };
		0EFB373E1C2A3B630029EDC7 /* ADLayer.h */ = {isa = PBXFileReference; fileEncoding = 4; lastKnownFileType = sourcecode.c.h; path = ADLayer.h; sourceTree = "<group>"; };
		0EFB373F1C2A3B630029EDC7 /* ADLayer.m */ = {isa = PBXFileReference; fileEncoding = 4; lastKnownFileType = sourcecode.c.objc; path = ADLayer.m; sourceTree = "<group>"; };
		0EFB37411C2A3C910029EDC7 /* ADLayerView.h */ = {isa = PBXFileReference; fileEncoding = 4; lastKnownFileType = sourcecode.c.h; path = ADLayerView.h; sourceTree = "<group>"; };
		0EFB37421C2A3C910029EDC7 /* ADLayerView.m */ = {isa = PBXFileReference; fileEncoding = 4; lastKnownFileType = sourcecode.c.objc; path = ADLayerView.m; sourceTree = "<group>"; };
		0EFB37441C2A3E440029EDC7 /* ADViewLayerViewController.h */ = {isa = PBXFileReference; fileEncoding = 4; lastKnownFileType = sourcecode.c.h; path = ADViewLayerViewController.h; sourceTree = "<group>"; };
		0EFB37451C2A3E440029EDC7 /* ADViewLayerViewController.m */ = {isa = PBXFileReference; fileEncoding = 4; lastKnownFileType = sourcecode.c.objc; path = ADViewLayerViewController.m; sourceTree = "<group>"; };
		0EFB37471C2A489E0029EDC7 /* ADCoreAnimation1ViewController.h */ = {isa = PBXFileReference; fileEncoding = 4; lastKnownFileType = sourcecode.c.h; path = ADCoreAnimation1ViewController.h; sourceTree = "<group>"; };
		0EFB37481C2A489E0029EDC7 /* ADCoreAnimation1ViewController.m */ = {isa = PBXFileReference; fileEncoding = 4; lastKnownFileType = sourcecode.c.objc; path = ADCoreAnimation1ViewController.m; sourceTree = "<group>"; };
/* End PBXFileReference section */

/* Begin PBXFrameworksBuildPhase section */
		0E3330C21BA2AC3D001633B1 /* Frameworks */ = {
			isa = PBXFrameworksBuildPhase;
			buildActionMask = 2147483647;
			files = (
			);
			runOnlyForDeploymentPostprocessing = 0;
		};
		0E3330DB1BA2AC3D001633B1 /* Frameworks */ = {
			isa = PBXFrameworksBuildPhase;
			buildActionMask = 2147483647;
			files = (
			);
			runOnlyForDeploymentPostprocessing = 0;
		};
/* End PBXFrameworksBuildPhase section */

/* Begin PBXGroup section */
		0E3245811C2D39C100704A2D /* basic */ = {
			isa = PBXGroup;
			children = (
				0E6C1ADB1C2948F500A6FC85 /* ADAnchorPointViewController.h */,
				0E6C1ADC1C2948F500A6FC85 /* ADAnchorPointViewController.m */,
				0E3D662A1C294F1900A078F3 /* ADDrawLayerViewController.h */,
				0E3D662B1C294F1900A078F3 /* ADDrawLayerViewController.m */,
				0EFB37441C2A3E440029EDC7 /* ADViewLayerViewController.h */,
				0EFB37451C2A3E440029EDC7 /* ADViewLayerViewController.m */,
				0EFB37471C2A489E0029EDC7 /* ADCoreAnimation1ViewController.h */,
				0EFB37481C2A489E0029EDC7 /* ADCoreAnimation1ViewController.m */,
				0E2C2B131C2A7BC0009B672E /* ADCoreAnimation2ViewController.h */,
				0E2C2B141C2A7BC0009B672E /* ADCoreAnimation2ViewController.m */,
				0E2C2B161C2A866C009B672E /* ADAnimationGroupViewController.h */,
				0E2C2B171C2A866C009B672E /* ADAnimationGroupViewController.m */,
				0E2C2B191C2A9216009B672E /* ADImageBrowserViewController.h */,
				0E2C2B1A1C2A9216009B672E /* ADImageBrowserViewController.m */,
				0E2C2B1C1C2A9C01009B672E /* ADDisplayLinkViewController.h */,
				0E2C2B1D1C2A9C01009B672E /* ADDisplayLinkViewController.m */,
				0EF0F7981C2B90270024F622 /* ADScrollViewImageBrowserViewController.h */,
				0EF0F7991C2B90270024F622 /* ADScrollViewImageBrowserViewController.m */,
			);
			name = basic;
			sourceTree = "<group>";
		};
		0E3245881C2D40BF00704A2D /* advanced */ = {
			isa = PBXGroup;
			children = (
				0E3245821C2D3A0E00704A2D /* ADCollectionViewController.h */,
				0E3245831C2D3A0E00704A2D /* ADCollectionViewController.m */,
				0E1AABEA1C31041400FD4AEC /* ADNavigationBackEdgePanInteractiveTransition.h */,
				0E1AABEB1C31041400FD4AEC /* ADNavigationBackEdgePanInteractiveTransition.m */,
				0E3245851C2D3A1E00704A2D /* ADDetailViewController.h */,
				0E3245861C2D3A1E00704A2D /* ADDetailViewController.m */,
				0E3245891C2D457100704A2D /* ADMagicMoveTransition.h */,
				0E32458A1C2D457100704A2D /* ADMagicMoveTransition.m */,
				0E1AABE41C30DF0700FD4AEC /* ADMagicMoveInverseTransition.h */,
				0E1AABE51C30DF0700FD4AEC /* ADMagicMoveInverseTransition.m */,
				0E1AABE71C30F5CE00FD4AEC /* ADNavigationBackTransition.h */,
				0E1AABE81C30F5CE00FD4AEC /* ADNavigationBackTransition.m */,
				0E1AABED1C311FB500FD4AEC /* ADPingViewController.h */,
				0E1AABEE1C311FB500FD4AEC /* ADPingViewController.m */,
				0E1AABF01C3120BE00FD4AEC /* ADPingDetailViewController.h */,
				0E1AABF11C3120BE00FD4AEC /* ADPingDetailViewController.m */,
				0E1AABF31C3121FD00FD4AEC /* ADPingTransition.h */,
				0E1AABF41C3121FD00FD4AEC /* ADPingTransition.m */,
			);
			name = advanced;
			sourceTree = "<group>";
		};
		0E3330BC1BA2AC3D001633B1 = {
			isa = PBXGroup;
			children = (
				0E3330C71BA2AC3D001633B1 /* AnimationDemo */,
				0E3330E11BA2AC3D001633B1 /* AnimationDemoTests */,
				0E3330C61BA2AC3D001633B1 /* Products */,
			);
			sourceTree = "<group>";
		};
		0E3330C61BA2AC3D001633B1 /* Products */ = {
			isa = PBXGroup;
			children = (
				0E3330C51BA2AC3D001633B1 /* AnimationDemo.app */,
				0E3330DE1BA2AC3D001633B1 /* AnimationDemoTests.xctest */,
			);
			name = Products;
			sourceTree = "<group>";
		};
		0E3330C71BA2AC3D001633B1 /* AnimationDemo */ = {
			isa = PBXGroup;
			children = (
				0EFB373D1C2A3B180029EDC7 /* View */,
				0E6C1ADA1C29441900A6FC85 /* Controller */,
				0EAAFE371BA93F82006B3553 /* Resources */,
				0E3330C81BA2AC3D001633B1 /* Supporting Files */,
			);
			path = AnimationDemo;
			sourceTree = "<group>";
		};
		0E3330C81BA2AC3D001633B1 /* Supporting Files */ = {
			isa = PBXGroup;
			children = (
				0E3330CC1BA2AC3D001633B1 /* ADAppDelegate.h */,
				0E3330CD1BA2AC3D001633B1 /* ADAppDelegate.m */,
				0E3330C91BA2AC3D001633B1 /* Info.plist */,
				0E3330CA1BA2AC3D001633B1 /* main.m */,
			);
			name = "Supporting Files";
			sourceTree = "<group>";
		};
		0E3330E11BA2AC3D001633B1 /* AnimationDemoTests */ = {
			isa = PBXGroup;
			children = (
				0E3330E41BA2AC3D001633B1 /* AnimationDemoTests.m */,
				0E3330E21BA2AC3D001633B1 /* Supporting Files */,
			);
			path = AnimationDemoTests;
			sourceTree = "<group>";
		};
		0E3330E21BA2AC3D001633B1 /* Supporting Files */ = {
			isa = PBXGroup;
			children = (
				0E3330E31BA2AC3D001633B1 /* Info.plist */,
			);
			name = "Supporting Files";
			sourceTree = "<group>";
		};
		0E6C1ADA1C29441900A6FC85 /* Controller */ = {
			isa = PBXGroup;
			children = (
				0EF0F79B1C2BC5610024F622 /* trans */,
				0E3330CF1BA2AC3D001633B1 /* ADMainViewController.h */,
				0E3330D01BA2AC3D001633B1 /* ADMainViewController.m */,
				0E3245811C2D39C100704A2D /* basic */,
				0E3245881C2D40BF00704A2D /* advanced */,
			);
			path = Controller;
			sourceTree = "<group>";
		};
		0EAAFE371BA93F82006B3553 /* Resources */ = {
			isa = PBXGroup;
			children = (
				0E3330D51BA2AC3D001633B1 /* Images.xcassets */,
				0E3330D71BA2AC3D001633B1 /* LaunchScreen.xib */,
			);
			name = Resources;
			sourceTree = "<group>";
		};
		0EF0F79B1C2BC5610024F622 /* trans */ = {
			isa = PBXGroup;
			children = (
				0EF0F7AB1C2BD25E0024F622 /* delegate */,
				0EF0F79C1C2BC5840024F622 /* ADFirstViewController.h */,
				0EF0F79D1C2BC5840024F622 /* ADFirstViewController.m */,
				0EF0F79F1C2BC5B80024F622 /* ADSecondViewController.h */,
				0EF0F7A01C2BC5B80024F622 /* ADSecondViewController.m */,
				0EF0F7A21C2BC7580024F622 /* ADParentViewController.h */,
				0EF0F7A31C2BC7580024F622 /* ADParentViewController.m */,
				0EF0F7A51C2BCF310024F622 /* ADTransitionMain1ViewController.h */,
				0EF0F7A61C2BCF310024F622 /* ADTransitionMain1ViewController.m */,
				0EF0F7A81C2BCF400024F622 /* ADTransitionModal1ViewController.h */,
				0EF0F7A91C2BCF400024F622 /* ADTransitionModal1ViewController.m */,
			);
			name = trans;
			sourceTree = "<group>";
		};
		0EF0F7AB1C2BD25E0024F622 /* delegate */ = {
			isa = PBXGroup;
			children = (
				0EF0F7AC1C2BD28C0024F622 /* ADBouncePresentAnimation.h */,
				0EF0F7AD1C2BD28C0024F622 /* ADBouncePresentAnimation.m */,
				0EF0F7AF1C2BDED20024F622 /* ADSwipeInteractiveTransition.h */,
				0EF0F7B01C2BDED20024F622 /* ADSwipeInteractiveTransition.m */,
				0EF0F7B21C2BE76E0024F622 /* ADBounceDismissAnimation.h */,
				0EF0F7B31C2BE76E0024F622 /* ADBounceDismissAnimation.m */,
			);
			name = delegate;
			sourceTree = "<group>";
		};
		0EFB373D1C2A3B180029EDC7 /* View */ = {
			isa = PBXGroup;
			children = (
				0EFB373E1C2A3B630029EDC7 /* ADLayer.h */,
				0EFB373F1C2A3B630029EDC7 /* ADLayer.m */,
				0EFB37411C2A3C910029EDC7 /* ADLayerView.h */,
				0EFB37421C2A3C910029EDC7 /* ADLayerView.m */,
			);
			path = View;
			sourceTree = "<group>";
		};
/* End PBXGroup section */

/* Begin PBXNativeTarget section */
		0E3330C41BA2AC3D001633B1 /* AnimationDemo */ = {
			isa = PBXNativeTarget;
			buildConfigurationList = 0E3330E81BA2AC3D001633B1 /* Build configuration list for PBXNativeTarget "AnimationDemo" */;
			buildPhases = (
				0E3330C11BA2AC3D001633B1 /* Sources */,
				0E3330C21BA2AC3D001633B1 /* Frameworks */,
				0E3330C31BA2AC3D001633B1 /* Resources */,
			);
			buildRules = (
			);
			dependencies = (
			);
			name = AnimationDemo;
			productName = AnimationDemo;
			productReference = 0E3330C51BA2AC3D001633B1 /* AnimationDemo.app */;
			productType = "com.apple.product-type.application";
		};
		0E3330DD1BA2AC3D001633B1 /* AnimationDemoTests */ = {
			isa = PBXNativeTarget;
			buildConfigurationList = 0E3330EB1BA2AC3D001633B1 /* Build configuration list for PBXNativeTarget "AnimationDemoTests" */;
			buildPhases = (
				0E3330DA1BA2AC3D001633B1 /* Sources */,
				0E3330DB1BA2AC3D001633B1 /* Frameworks */,
				0E3330DC1BA2AC3D001633B1 /* Resources */,
			);
			buildRules = (
			);
			dependencies = (
				0E3330E01BA2AC3D001633B1 /* PBXTargetDependency */,
			);
			name = AnimationDemoTests;
			productName = AnimationDemoTests;
			productReference = 0E3330DE1BA2AC3D001633B1 /* AnimationDemoTests.xctest */;
			productType = "com.apple.product-type.bundle.unit-test";
		};
/* End PBXNativeTarget section */

/* Begin PBXProject section */
		0E3330BD1BA2AC3D001633B1 /* Project object */ = {
			isa = PBXProject;
			attributes = {
				LastUpgradeCheck = 0720;
				ORGANIZATIONNAME = Leckie;
				TargetAttributes = {
					0E3330C41BA2AC3D001633B1 = {
						CreatedOnToolsVersion = 6.4;
					};
					0E3330DD1BA2AC3D001633B1 = {
						CreatedOnToolsVersion = 6.4;
						TestTargetID = 0E3330C41BA2AC3D001633B1;
					};
				};
			};
			buildConfigurationList = 0E3330C01BA2AC3D001633B1 /* Build configuration list for PBXProject "AnimationDemo" */;
			compatibilityVersion = "Xcode 3.2";
			developmentRegion = English;
			hasScannedForEncodings = 0;
			knownRegions = (
				en,
				Base,
			);
			mainGroup = 0E3330BC1BA2AC3D001633B1;
			productRefGroup = 0E3330C61BA2AC3D001633B1 /* Products */;
			projectDirPath = "";
			projectRoot = "";
			targets = (
				0E3330C41BA2AC3D001633B1 /* AnimationDemo */,
				0E3330DD1BA2AC3D001633B1 /* AnimationDemoTests */,
			);
		};
/* End PBXProject section */

/* Begin PBXResourcesBuildPhase section */
		0E3330C31BA2AC3D001633B1 /* Resources */ = {
			isa = PBXResourcesBuildPhase;
			buildActionMask = 2147483647;
			files = (
				0E3330D91BA2AC3D001633B1 /* LaunchScreen.xib in Resources */,
				0E3330D61BA2AC3D001633B1 /* Images.xcassets in Resources */,
			);
			runOnlyForDeploymentPostprocessing = 0;
		};
		0E3330DC1BA2AC3D001633B1 /* Resources */ = {
			isa = PBXResourcesBuildPhase;
			buildActionMask = 2147483647;
			files = (
			);
			runOnlyForDeploymentPostprocessing = 0;
		};
/* End PBXResourcesBuildPhase section */

/* Begin PBXSourcesBuildPhase section */
		0E3330C11BA2AC3D001633B1 /* Sources */ = {
			isa = PBXSourcesBuildPhase;
			buildActionMask = 2147483647;
			files = (
				0E1AABF21C3120BE00FD4AEC /* ADPingDetailViewController.m in Sources */,
				0E2C2B1E1C2A9C01009B672E /* ADDisplayLinkViewController.m in Sources */,
				0EF0F7A41C2BC7580024F622 /* ADParentViewController.m in Sources */,
				0E1AABE91C30F5CE00FD4AEC /* ADNavigationBackTransition.m in Sources */,
				0E3245871C2D3A1E00704A2D /* ADDetailViewController.m in Sources */,
				0E1AABE61C30DF0700FD4AEC /* ADMagicMoveInverseTransition.m in Sources */,
				0E3245841C2D3A0E00704A2D /* ADCollectionViewController.m in Sources */,
				0E3330D11BA2AC3D001633B1 /* ADMainViewController.m in Sources */,
				0E1AABEF1C311FB500FD4AEC /* ADPingViewController.m in Sources */,
				0E2C2B181C2A866C009B672E /* ADAnimationGroupViewController.m in Sources */,
				0EF0F7A11C2BC5B80024F622 /* ADSecondViewController.m in Sources */,
				0EF0F79E1C2BC5840024F622 /* ADFirstViewController.m in Sources */,
				0E1AABF51C3121FD00FD4AEC /* ADPingTransition.m in Sources */,
				0EF0F7B11C2BDED20024F622 /* ADSwipeInteractiveTransition.m in Sources */,
				0E6C1ADD1C2948F500A6FC85 /* ADAnchorPointViewController.m in Sources */,
				0EFB37461C2A3E440029EDC7 /* ADViewLayerViewController.m in Sources */,
				0E3330CE1BA2AC3D001633B1 /* ADAppDelegate.m in Sources */,
				0E1AABEC1C31041400FD4AEC /* ADNavigationBackEdgePanInteractiveTransition.m in Sources */,
				0EF0F79A1C2B90270024F622 /* ADScrollViewImageBrowserViewController.m in Sources */,
				0E3330CB1BA2AC3D001633B1 /* main.m in Sources */,
				0EFB37431C2A3C910029EDC7 /* ADLayerView.m in Sources */,
				0E2C2B1B1C2A9216009B672E /* ADImageBrowserViewController.m in Sources */,
				0E2C2B151C2A7BC0009B672E /* ADCoreAnimation2ViewController.m in Sources */,
				0EF0F7AA1C2BCF400024F622 /* ADTransitionModal1ViewController.m in Sources */,
				0EFB37401C2A3B630029EDC7 /* ADLayer.m in Sources */,
				0EF0F7A71C2BCF310024F622 /* ADTransitionMain1ViewController.m in Sources */,
				0E3D662C1C294F1900A078F3 /* ADDrawLayerViewController.m in Sources */,
				0EFB37491C2A489E0029EDC7 /* ADCoreAnimation1ViewController.m in Sources */,
				0EF0F7B41C2BE76E0024F622 /* ADBounceDismissAnimation.m in Sources */,
				0E32458B1C2D457100704A2D /* ADMagicMoveTransition.m in Sources */,
				0EF0F7AE1C2BD28C0024F622 /* ADBouncePresentAnimation.m in Sources */,
			);
			runOnlyForDeploymentPostprocessing = 0;
		};
		0E3330DA1BA2AC3D001633B1 /* Sources */ = {
			isa = PBXSourcesBuildPhase;
			buildActionMask = 2147483647;
			files = (
				0E3330E51BA2AC3D001633B1 /* AnimationDemoTests.m in Sources */,
			);
			runOnlyForDeploymentPostprocessing = 0;
		};
/* End PBXSourcesBuildPhase section */

/* Begin PBXTargetDependency section */
		0E3330E01BA2AC3D001633B1 /* PBXTargetDependency */ = {
			isa = PBXTargetDependency;
			target = 0E3330C41BA2AC3D001633B1 /* AnimationDemo */;
			targetProxy = 0E3330DF1BA2AC3D001633B1 /* PBXContainerItemProxy */;
		};
/* End PBXTargetDependency section */

/* Begin PBXVariantGroup section */
		0E3330D71BA2AC3D001633B1 /* LaunchScreen.xib */ = {
			isa = PBXVariantGroup;
			children = (
				0E3330D81BA2AC3D001633B1 /* Base */,
			);
			name = LaunchScreen.xib;
			sourceTree = "<group>";
		};
/* End PBXVariantGroup section */

/* Begin XCBuildConfiguration section */
		0E3330E61BA2AC3D001633B1 /* Debug */ = {
			isa = XCBuildConfiguration;
			buildSettings = {
				ALWAYS_SEARCH_USER_PATHS = NO;
				CLANG_CXX_LANGUAGE_STANDARD = "gnu++0x";
				CLANG_CXX_LIBRARY = "libc++";
				CLANG_ENABLE_MODULES = YES;
				CLANG_ENABLE_OBJC_ARC = YES;
				CLANG_WARN_BOOL_CONVERSION = YES;
				CLANG_WARN_CONSTANT_CONVERSION = YES;
				CLANG_WARN_DIRECT_OBJC_ISA_USAGE = YES_ERROR;
				CLANG_WARN_EMPTY_BODY = YES;
				CLANG_WARN_ENUM_CONVERSION = YES;
				CLANG_WARN_INT_CONVERSION = YES;
				CLANG_WARN_OBJC_ROOT_CLASS = YES_ERROR;
				CLANG_WARN_UNREACHABLE_CODE = YES;
				CLANG_WARN__DUPLICATE_METHOD_MATCH = YES;
				"CODE_SIGN_IDENTITY[sdk=iphoneos*]" = "iPhone Developer";
				COPY_PHASE_STRIP = NO;
				DEBUG_INFORMATION_FORMAT = "dwarf-with-dsym";
				ENABLE_STRICT_OBJC_MSGSEND = YES;
				ENABLE_TESTABILITY = YES;
				GCC_C_LANGUAGE_STANDARD = gnu99;
				GCC_DYNAMIC_NO_PIC = NO;
				GCC_NO_COMMON_BLOCKS = YES;
				GCC_OPTIMIZATION_LEVEL = 0;
				GCC_PREPROCESSOR_DEFINITIONS = (
					"DEBUG=1",
					"$(inherited)",
				);
				GCC_SYMBOLS_PRIVATE_EXTERN = NO;
				GCC_WARN_64_TO_32_BIT_CONVERSION = YES;
				GCC_WARN_ABOUT_RETURN_TYPE = YES_ERROR;
				GCC_WARN_UNDECLARED_SELECTOR = YES;
				GCC_WARN_UNINITIALIZED_AUTOS = YES_AGGRESSIVE;
				GCC_WARN_UNUSED_FUNCTION = YES;
				GCC_WARN_UNUSED_VARIABLE = YES;
				IPHONEOS_DEPLOYMENT_TARGET = 8.4;
				MTL_ENABLE_DEBUG_INFO = YES;
				ONLY_ACTIVE_ARCH = YES;
				SDKROOT = iphoneos;
			};
			name = Debug;
		};
		0E3330E71BA2AC3D001633B1 /* Release */ = {
			isa = XCBuildConfiguration;
			buildSettings = {
				ALWAYS_SEARCH_USER_PATHS = NO;
				CLANG_CXX_LANGUAGE_STANDARD = "gnu++0x";
				CLANG_CXX_LIBRARY = "libc++";
				CLANG_ENABLE_MODULES = YES;
				CLANG_ENABLE_OBJC_ARC = YES;
				CLANG_WARN_BOOL_CONVERSION = YES;
				CLANG_WARN_CONSTANT_CONVERSION = YES;
				CLANG_WARN_DIRECT_OBJC_ISA_USAGE = YES_ERROR;
				CLANG_WARN_EMPTY_BODY = YES;
				CLANG_WARN_ENUM_CONVERSION = YES;
				CLANG_WARN_INT_CONVERSION = YES;
				CLANG_WARN_OBJC_ROOT_CLASS = YES_ERROR;
				CLANG_WARN_UNREACHABLE_CODE = YES;
				CLANG_WARN__DUPLICATE_METHOD_MATCH = YES;
				"CODE_SIGN_IDENTITY[sdk=iphoneos*]" = "iPhone Developer";
				COPY_PHASE_STRIP = NO;
				DEBUG_INFORMATION_FORMAT = "dwarf-with-dsym";
				ENABLE_NS_ASSERTIONS = NO;
				ENABLE_STRICT_OBJC_MSGSEND = YES;
				GCC_C_LANGUAGE_STANDARD = gnu99;
				GCC_NO_COMMON_BLOCKS = YES;
				GCC_WARN_64_TO_32_BIT_CONVERSION = YES;
				GCC_WARN_ABOUT_RETURN_TYPE = YES_ERROR;
				GCC_WARN_UNDECLARED_SELECTOR = YES;
				GCC_WARN_UNINITIALIZED_AUTOS = YES_AGGRESSIVE;
				GCC_WARN_UNUSED_FUNCTION = YES;
				GCC_WARN_UNUSED_VARIABLE = YES;
				IPHONEOS_DEPLOYMENT_TARGET = 8.4;
				MTL_ENABLE_DEBUG_INFO = NO;
				SDKROOT = iphoneos;
				VALIDATE_PRODUCT = YES;
			};
			name = Release;
		};
		0E3330E91BA2AC3D001633B1 /* Debug */ = {
			isa = XCBuildConfiguration;
			buildSettings = {
				ASSETCATALOG_COMPILER_APPICON_NAME = AppIcon;
				INFOPLIST_FILE = AnimationDemo/Info.plist;
				LD_RUNPATH_SEARCH_PATHS = "$(inherited) @executable_path/Frameworks";
				PRODUCT_BUNDLE_IDENTIFIER = "me.leckie.$(PRODUCT_NAME:rfc1034identifier)";
				PRODUCT_NAME = "$(TARGET_NAME)";
			};
			name = Debug;
		};
		0E3330EA1BA2AC3D001633B1 /* Release */ = {
			isa = XCBuildConfiguration;
			buildSettings = {
				ASSETCATALOG_COMPILER_APPICON_NAME = AppIcon;
				INFOPLIST_FILE = AnimationDemo/Info.plist;
				LD_RUNPATH_SEARCH_PATHS = "$(inherited) @executable_path/Frameworks";
				PRODUCT_BUNDLE_IDENTIFIER = "me.leckie.$(PRODUCT_NAME:rfc1034identifier)";
				PRODUCT_NAME = "$(TARGET_NAME)";
			};
			name = Release;
		};
		0E3330EC1BA2AC3D001633B1 /* Debug */ = {
			isa = XCBuildConfiguration;
			buildSettings = {
				BUNDLE_LOADER = "$(TEST_HOST)";
				FRAMEWORK_SEARCH_PATHS = (
					"$(SDKROOT)/Developer/Library/Frameworks",
					"$(inherited)",
				);
				GCC_PREPROCESSOR_DEFINITIONS = (
					"DEBUG=1",
					"$(inherited)",
				);
				INFOPLIST_FILE = AnimationDemoTests/Info.plist;
				LD_RUNPATH_SEARCH_PATHS = "$(inherited) @executable_path/Frameworks @loader_path/Frameworks";
				PRODUCT_BUNDLE_IDENTIFIER = "me.leckie.$(PRODUCT_NAME:rfc1034identifier)";
				PRODUCT_NAME = "$(TARGET_NAME)";
				TEST_HOST = "$(BUILT_PRODUCTS_DIR)/AnimationDemo.app/AnimationDemo";
			};
			name = Debug;
		};
		0E3330ED1BA2AC3D001633B1 /* Release */ = {
			isa = XCBuildConfiguration;
			buildSettings = {
				BUNDLE_LOADER = "$(TEST_HOST)";
				FRAMEWORK_SEARCH_PATHS = (
					"$(SDKROOT)/Developer/Library/Frameworks",
					"$(inherited)",
				);
				INFOPLIST_FILE = AnimationDemoTests/Info.plist;
				LD_RUNPATH_SEARCH_PATHS = "$(inherited) @executable_path/Frameworks @loader_path/Frameworks";
				PRODUCT_BUNDLE_IDENTIFIER = "me.leckie.$(PRODUCT_NAME:rfc1034identifier)";
				PRODUCT_NAME = "$(TARGET_NAME)";
				TEST_HOST = "$(BUILT_PRODUCTS_DIR)/AnimationDemo.app/AnimationDemo";
			};
			name = Release;
		};
/* End XCBuildConfiguration section */

/* Begin XCConfigurationList section */
		0E3330C01BA2AC3D001633B1 /* Build configuration list for PBXProject "AnimationDemo" */ = {
			isa = XCConfigurationList;
			buildConfigurations = (
				0E3330E61BA2AC3D001633B1 /* Debug */,
				0E3330E71BA2AC3D001633B1 /* Release */,
			);
			defaultConfigurationIsVisible = 0;
			defaultConfigurationName = Release;
		};
		0E3330E81BA2AC3D001633B1 /* Build configuration list for PBXNativeTarget "AnimationDemo" */ = {
			isa = XCConfigurationList;
			buildConfigurations = (
				0E3330E91BA2AC3D001633B1 /* Debug */,
				0E3330EA1BA2AC3D001633B1 /* Release */,
			);
			defaultConfigurationIsVisible = 0;
			defaultConfigurationName = Release;
		};
		0E3330EB1BA2AC3D001633B1 /* Build configuration list for PBXNativeTarget "AnimationDemoTests" */ = {
			isa = XCConfigurationList;
			buildConfigurations = (
				0E3330EC1BA2AC3D001633B1 /* Debug */,
				0E3330ED1BA2AC3D001633B1 /* Release */,
			);
			defaultConfigurationIsVisible = 0;
			defaultConfigurationName = Release;
		};
/* End XCConfigurationList section */
	};
	rootObject = 0E3330BD1BA2AC3D001633B1 /* Project object */;
}
